
Microsoft Visual Studio Solution File, Format Version 12.00
# Visual Studio Version 16
VisualStudioVersion = 16.0.31402.337
MinimumVisualStudioVersion = 10.0.40219.1
Project("{FAE04EC0-301F-11D3-BF4B-00C04F79EFBC}") = "DynamicWebScrape", "DynamicWebScrape.csproj", "{754364D3-D720-423B-B833-B5B81CF8369A}"
EndProject
Global
	GlobalSection(SolutionConfigurationPlatforms) = preSolution
		Debug|Any CPU = Debug|Any CPU
		Release|Any CPU = Release|Any CPU
	EndGlobalSection
	GlobalSection(ProjectConfigurationPlatforms) = postSolution
		{754364D3-D720-423B-B833-B5B81CF8369A}.Debug|Any CPU.ActiveCfg = Debug|Any CPU
		{754364D3-D720-423B-B833-B5B81CF8369A}.Debug|Any CPU.Build.0 = Debug|Any CPU
		{754364D3-D720-423B-B833-B5B81CF8369A}.Release|Any CPU.ActiveCfg = Release|Any CPU
		{754364D3-D720-423B-B833-B5B81CF8369A}.Release|Any CPU.Build.0 = Release|Any CPU
	EndGlobalSection
	GlobalSection(SolutionProperties) = preSolution
		HideSolutionNode = FALSE
	EndGlobalSection
	GlobalSection(ExtensibilityGlobals) = postSolution
		SolutionGuid = {AAE33C4C-2671-4DEC-8B4C-F9AC8F21716F}
	EndGlobalSection
EndGlobal
